{
  "name": "custom-shirts",
  "version": "0.1.0",
  "lockfileVersion": 3,
  "requires": true,
  "packages": {
    "": {
      "name": "custom-shirts",
      "version": "0.1.0",
      "dependencies": {
        "@freesewing/brian": "4.9.0",
        "@freesewing/config": "^4.9.0",
        "@freesewing/core": "4.9.0",
        "@freesewing/plugin-annotations": "4.9.0",
        "@freesewing/plugin-bust": "4.9.0",
        "@freesewing/plugin-flip": "4.9.0",
        "@freesewing/plugin-transform": "^4.9.0",
        "@freesewing/simon": "4.9.0"
      }
    },
    "node_modules/@freesewing/brian": {
      "version": "4.9.0",
      "resolved": "https://registry.npmjs.org/@freesewing/brian/-/brian-4.9.0.tgz",
      "integrity": "sha512-NhwMG3eWV7mtR8L0DSCRb1bblNqVoImenfzddkicRCREEojVGOsnxSij+g/E85VW/I30XImcddWT25/tYJ/v9Q==",
      "license": "MIT",
      "peer": true,
      "engines": {
        "node": ">= 20"
      },
      "funding": {
        "type": "individual",
        "url": "https://freesewing.eu/patrons/join"
      },
      "peerDependencies": {
        "@freesewing/core": "4.9.0",
        "@freesewing/library": "4.9.0",
        "@freesewing/plugin-bust": "4.9.0"
      }
    },
    "node_modules/@freesewing/config": {
      "version": "4.9.0",
      "resolved": "https://registry.npmjs.org/@freesewing/config/-/config-4.9.0.tgz",
      "integrity": "sha512-mKCHVC/4riPbgxzU1EqkiaJOO0kc+ffqauLH1XW2grk0SP71YUqXHg5nWeHaOwgzdeWIm1Aeok87CxAQvdy0zw==",
      "license": "MIT",
      "engines": {
        "node": ">= 20"
      },
      "funding": {
        "type": "individual",
        "url": "https://freesewing.eu/patrons/join"
      }
    },
    "node_modules/@freesewing/core": {
      "version": "4.9.0",
      "resolved": "https://registry.npmjs.org/@freesewing/core/-/core-4.9.0.tgz",
      "integrity": "sha512-ZF0SuQecY1lWCUgXFaahocIBTS9Y0k7H5XI/aiPBSASoSQzuCAKlK4y4l0qbNrHO4C/YQ0zAd5HxZUmuP3nSMw==",
      "license": "MIT",
      "peer": true,
      "dependencies": {
        "@freesewing/core-plugins": "4.9.0",
        "bezier-js": "6.1.4",
        "hooks": "0.3.2",
        "lodash.clonedeep": "^4.5.0",
        "lodash.get": "4.4.2",
        "lodash.set": "4.3.2",
        "lodash.unset": "4.5.2"
      },
      "engines": {
        "node": ">= 20"
      },
      "funding": {
        "type": "individual",
        "url": "https://freesewing.eu/patrons/join"
      }
    },
    "node_modules/@freesewing/core-plugins": {
      "version": "4.9.0",
      "resolved": "https://registry.npmjs.org/@freesewing/core-plugins/-/core-plugins-4.9.0.tgz",
      "integrity": "sha512-NehTvRo90W512nu0haUGzw5AcEQOn988yiLkUKzG9MU7Eqccp7UxFsVKe9NNiL/YZmPKGvJ1KynnascaLJ3KGA==",
      "license": "MIT",
      "dependencies": {
        "@freesewing/plugin-annotations": "4.9.0",
        "@freesewing/plugin-bin-pack": "4.9.0",
        "@freesewing/plugin-measurements": "4.9.0",
        "@freesewing/plugin-mirror": "4.9.0",
        "@freesewing/plugin-round": "4.9.0",
        "@freesewing/plugin-sprinkle": "4.9.0"
      },
      "engines": {
        "node": ">= 20"
      },
      "funding": {
        "type": "individual",
        "url": "https://freesewing.eu/patrons/join"
      },
      "peerDependencies": {
        "@freesewing/core": "4.9.0"
      }
    },
    "node_modules/@freesewing/library": {
      "version": "4.9.0",
      "resolved": "https://registry.npmjs.org/@freesewing/library/-/library-4.9.0.tgz",
      "integrity": "sha512-sr2WE0IwCSNdCaYKU1DAafhDQHhLf1Gev4VqMmpRYCh6owkX3IzBtdVmdfsml7J/oZ9p3Tyu3KMJnDGWUh2VZg==",
      "license": "MIT",
      "peer": true,
      "engines": {
        "node": ">= 20"
      },
      "funding": {
        "type": "individual",
        "url": "https://freesewing.eu/patrons/join"
      },
      "peerDependencies": {
        "@freesewing/core": "4.9.0"
      }
    },
    "node_modules/@freesewing/plugin-annotations": {
      "version": "4.9.0",
      "resolved": "https://registry.npmjs.org/@freesewing/plugin-annotations/-/plugin-annotations-4.9.0.tgz",
      "integrity": "sha512-WGjHKhLoDh2rVCTlWqOU/zBmnPyi9TdvBVo/6Q3EzZPSVXi4T9OOFlJQuT258SYsBuWDr2Hxr4UpuK0Xtx+z2Q==",
      "license": "MIT",
      "engines": {
        "node": ">= 20"
      },
      "funding": {
        "type": "individual",
        "url": "https://freesewing.eu/patrons/join"
      },
      "peerDependencies": {
        "@freesewing/core": "4.9.0"
      }
    },
    "node_modules/@freesewing/plugin-bin-pack": {
      "version": "4.9.0",
      "resolved": "https://registry.npmjs.org/@freesewing/plugin-bin-pack/-/plugin-bin-pack-4.9.0.tgz",
      "integrity": "sha512-ncujxg4wp1Mnign7692vRL0DqC1dhX7Kw+IR2dFIYf2SrS8gyN7MhsxgZIlZ7ImeHWw+2srb1dyyx2RR2yr6jA==",
      "license": "MIT",
      "engines": {
        "node": ">= 20"
      },
      "funding": {
        "type": "individual",
        "url": "https://freesewing.eu/patrons/join"
      },
      "peerDependencies": {
        "@freesewing/core": "4.9.0"
      }
    },
    "node_modules/@freesewing/plugin-bust": {
      "version": "4.9.0",
      "resolved": "https://registry.npmjs.org/@freesewing/plugin-bust/-/plugin-bust-4.9.0.tgz",
      "integrity": "sha512-MDsOnw/j0ODlqvXLyeA68tV0uxiHYCXNRUk42f2YI7VJe/Vx6WpnNsWk3fNUSELLex7eyA/9hVlUv/6KqIOblw==",
      "license": "MIT",
      "peer": true,
      "engines": {
        "node": ">= 20"
      },
      "funding": {
        "type": "individual",
        "url": "https://freesewing.eu/patrons/join"
      },
      "peerDependencies": {
        "@freesewing/core": "4.9.0"
      }
    },
    "node_modules/@freesewing/plugin-flip": {
      "version": "4.9.0",
      "resolved": "https://registry.npmjs.org/@freesewing/plugin-flip/-/plugin-flip-4.9.0.tgz",
      "integrity": "sha512-oGBFzXmgWBWWzFZNcKCytXdYl7acYgJNxcfD6bQrk7tzDutilA4tbYS0uZqE32/BezK+T8bFcCLnri0xkZTvkA==",
      "license": "MIT",
      "peer": true,
      "engines": {
        "node": ">= 20"
      },
      "funding": {
        "type": "individual",
        "url": "https://freesewing.eu/patrons/join"
      },
      "peerDependencies": {
        "@freesewing/core": "4.9.0"
      }
    },
    "node_modules/@freesewing/plugin-measurements": {
      "version": "4.9.0",
      "resolved": "https://registry.npmjs.org/@freesewing/plugin-measurements/-/plugin-measurements-4.9.0.tgz",
      "integrity": "sha512-+go/Obae4/zwM5+UG3pqikjNDvyAZGG6rnQhtLgiqdVEhTpWXIQaUu8Waxb6LNGZk7h/msP3VVbd4webVlXAWA==",
      "license": "MIT",
      "engines": {
        "node": ">= 20"
      },
      "funding": {
        "type": "individual",
        "url": "https://freesewing.eu/patrons/join"
      },
      "peerDependencies": {
        "@freesewing/core": "4.9.0"
      }
    },
    "node_modules/@freesewing/plugin-mirror": {
      "version": "4.9.0",
      "resolved": "https://registry.npmjs.org/@freesewing/plugin-mirror/-/plugin-mirror-4.9.0.tgz",
      "integrity": "sha512-6UMEeDTZ38HpD8k66eVVi6fIKkHpaxZvh1F7S75lBteg2lsw0Eg7PSCQ9fmltLjaVJQ9xwlg/CjAUyVqVFVTzA==",
      "license": "MIT",
      "engines": {
        "node": ">= 20"
      },
      "funding": {
        "type": "individual",
        "url": "https://freesewing.eu/patrons/join"
      },
      "peerDependencies": {
        "@freesewing/core": "4.9.0"
      }
    },
    "node_modules/@freesewing/plugin-round": {
      "version": "4.9.0",
      "resolved": "https://registry.npmjs.org/@freesewing/plugin-round/-/plugin-round-4.9.0.tgz",
      "integrity": "sha512-RI4wvJRt/j7xssR4YGXHqnR6ncHLChb2AbIy6Q9DinndEANo3T4A01LILC2ZiCLT0Xy++Ut1t61qosAxaOo33w==",
      "license": "MIT",
      "engines": {
        "node": ">= 20"
      },
      "funding": {
        "type": "individual",
        "url": "https://freesewing.eu/patrons/join"
      },
      "peerDependencies": {
        "@freesewing/core": "4.9.0"
      }
    },
    "node_modules/@freesewing/plugin-sprinkle": {
      "version": "4.9.0",
      "resolved": "https://registry.npmjs.org/@freesewing/plugin-sprinkle/-/plugin-sprinkle-4.9.0.tgz",
      "integrity": "sha512-md981Zj0bFO4YUDTrIYpj2GbrEgBS+msDOiYLtWhJsgmapo0bjzsw2wQ72RAvShcL/SAE00pc+8m3kfBKKptPw==",
      "license": "MIT",
      "engines": {
        "node": ">= 20"
      },
      "funding": {
        "type": "individual",
        "url": "https://freesewing.eu/patrons/join"
      },
      "peerDependencies": {
        "@freesewing/core": "4.9.0"
      }
    },
    "node_modules/@freesewing/plugin-transform": {
      "version": "4.9.0",
      "resolved": "https://registry.npmjs.org/@freesewing/plugin-transform/-/plugin-transform-4.9.0.tgz",
      "integrity": "sha512-rNwM7qsvt67k/75tTBY5n6zpDUXoVbgGdNmr22P5tdudvB6MUnn4Y78/SuPyEg8W9EHLC1mXYqDAaDjavPhyIw==",
      "license": "MIT",
      "engines": {
        "node": ">= 20"
      },
      "funding": {
        "type": "individual",
        "url": "https://freesewing.eu/patrons/join"
      },
      "peerDependencies": {
        "@freesewing/core": "4.9.0"
      }
    },
    "node_modules/@freesewing/simon": {
      "version": "4.9.0",
      "resolved": "https://registry.npmjs.org/@freesewing/simon/-/simon-4.9.0.tgz",
      "integrity": "sha512-wezUSOqFqrUH06iTNfeMfzGPrRvymKb7FY2wIUFLssBLH1Ac7qzGXXHLkg0rzh6+fyRJxh+LPTdiNgUQfpQVsA==",
      "license": "MIT",
      "engines": {
        "node": ">= 20"
      },
      "funding": {
        "type": "individual",
        "url": "https://freesewing.eu/patrons/join"
      },
      "peerDependencies": {
        "@freesewing/brian": "4.9.0",
        "@freesewing/core": "4.9.0",
        "@freesewing/plugin-bust": "4.9.0",
        "@freesewing/plugin-flip": "4.9.0"
      }
    },
    "node_modules/bezier-js": {
      "version": "6.1.4",
      "resolved": "https://registry.npmjs.org/bezier-js/-/bezier-js-6.1.4.tgz",
      "integrity": "sha512-PA0FW9ZpcHbojUCMu28z9Vg/fNkwTj5YhusSAjHHDfHDGLxJ6YUKrAN2vk1fP2MMOxVw4Oko16FMlRGVBGqLKg==",
      "license": "MIT",
      "funding": {
        "type": "individual",
        "url": "https://github.com/Pomax/bezierjs/blob/master/FUNDING.md"
      }
    },
    "node_modules/hooks": {
      "version": "0.3.2",
      "resolved": "https://registry.npmjs.org/hooks/-/hooks-0.3.2.tgz",
      "integrity": "sha512-TqeFzUf12rSzcbm5lUls81jimUC8TmXZ4ANPxxeeMou09hrjBcHYhAQ0WgyN5YqNCXOzz7L6xVNl/+ctFuSeOw==",
      "engines": {
        "node": ">=0.4.0"
      }
    },
    "node_modules/lodash.clonedeep": {
      "version": "4.5.0",
      "resolved": "https://registry.npmjs.org/lodash.clonedeep/-/lodash.clonedeep-4.5.0.tgz",
      "integrity": "sha512-H5ZhCF25riFd9uB5UCkVKo61m3S/xZk1x4wA6yp/L3RFP6Z/eHH1ymQcGLo7J3GMPfm0V/7m1tryHuGVxpqEBQ==",
      "license": "MIT"
    },
    "node_modules/lodash.get": {
      "version": "4.4.2",
      "resolved": "https://registry.npmjs.org/lodash.get/-/lodash.get-4.4.2.tgz",
      "integrity": "sha512-z+Uw/vLuy6gQe8cfaFWD7p0wVv8fJl3mbzXh33RS+0oW2wvUqiRXiQ69gLWSLpgB5/6sU+r6BlQR0MBILadqTQ==",
      "deprecated": "This package is deprecated. Use the optional chaining (?.) operator instead.",
      "license": "MIT"
    },
    "node_modules/lodash.set": {
      "version": "4.3.2",
      "resolved": "https://registry.npmjs.org/lodash.set/-/lodash.set-4.3.2.tgz",
      "integrity": "sha512-4hNPN5jlm/N/HLMCO43v8BXKq9Z7QdAGc/VGrRD61w8gN9g/6jF9A4L1pbUgBLCffi0w9VsXfTOij5x8iTyFvg==",
      "license": "MIT"
    },
    "node_modules/lodash.unset": {
      "version": "4.5.2",
      "resolved": "https://registry.npmjs.org/lodash.unset/-/lodash.unset-4.5.2.tgz",
      "integrity": "sha512-bwKX88k2JhCV9D1vtE8+naDKlLiGrSmf8zi/Y9ivFHwbmRfA8RxS/aVJ+sIht2XOwqoNr4xUPUkGZpc1sHFEKg==",
      "license": "MIT"
    }
  }
}
